
Microsoft Visual Studio Solution File, Format Version 12.00
# Visual Studio Version 17
VisualStudioVersion = 17.3.32811.315
MinimumVisualStudioVersion = 10.0.40219.1
Project("{2150E333-8FDC-42A3-9474-1A3956D46DE8}") = "src", "src", "{66A9EAB9-E01E-41E4-BC72-CEF83B88268C}"
EndProject
Project("{2150E333-8FDC-42A3-9474-1A3956D46DE8}") = "corePackages", "corePackages", "{AC649F3D-6417-4CB3-BBDA-6FA56DE1FAB7}"
EndProject
Project("{2150E333-8FDC-42A3-9474-1A3956D46DE8}") = "kodlamaIoDevs", "kodlamaIoDevs", "{6FA807BD-A3D3-434D-B969-49DA429261FA}"
EndProject
Project("{9A19103F-16F7-4668-BE54-9A1E7A4F7556}") = "Core.Application", "src\corePackages\Core.Application\Core.Application.csproj", "{8FD4DD32-9F4B-4F6D-935C-B78F6600DC3D}"
EndProject
Project("{9A19103F-16F7-4668-BE54-9A1E7A4F7556}") = "Core.CrossCuttingConcerns", "src\corePackages\Core.CrossCuttingConcers\Core.CrossCuttingConcerns.csproj", "{7E56C169-D60A-467F-85DE-B9CC96C97EE3}"
EndProject
Project("{9A19103F-16F7-4668-BE54-9A1E7A4F7556}") = "Core.ElasticSearch", "src\corePackages\Core.ElasticSearch\Core.ElasticSearch.csproj", "{DB98A724-9495-4205-8F06-1FE2C58ECF8F}"
EndProject
Project("{9A19103F-16F7-4668-BE54-9A1E7A4F7556}") = "Core.Mailing", "src\corePackages\Core.Mailing\Core.Mailing.csproj", "{FA5A4A93-3D27-46D4-AC4F-F3E973CB12E5}"
EndProject
Project("{9A19103F-16F7-4668-BE54-9A1E7A4F7556}") = "Core.Persistence", "src\corePackages\Core.Persistence\Core.Persistence.csproj", "{A01151DA-0C96-49BE-8793-93D4597D768F}"
EndProject
Project("{9A19103F-16F7-4668-BE54-9A1E7A4F7556}") = "Core.Security", "src\corePackages\Core.Security\Core.Security.csproj", "{DBF6943B-A1A2-4168-948A-19747FF2EC8C}"
EndProject
Project("{FAE04EC0-301F-11D3-BF4B-00C04F79EFBC}") = "Domain", "src\kodlamaIoDevs\Domain\Domain.csproj", "{0D8E8AFC-57F3-4A89-AC9E-A49486E507CC}"
EndProject
Project("{FAE04EC0-301F-11D3-BF4B-00C04F79EFBC}") = "Persistence", "src\kodlamaIoDevs\Persistence\Persistence.csproj", "{1D7F9896-221A-46C6-8018-9765400FB3B2}"
EndProject
Project("{FAE04EC0-301F-11D3-BF4B-00C04F79EFBC}") = "Infrastructure", "src\kodlamaIoDevs\Infrastructure\Infrastructure.csproj", "{19FC78A0-259D-4254-AE5C-B851102C6499}"
EndProject
Project("{FAE04EC0-301F-11D3-BF4B-00C04F79EFBC}") = "Application", "src\kodlamaIoDevs\Application\Application.csproj", "{24430E2F-5FF7-4E98-8E12-7EBA8FCFA893}"
EndProject
Project("{FAE04EC0-301F-11D3-BF4B-00C04F79EFBC}") = "WebAPI", "src\kodlamaIoDevs\WebAPI\WebAPI.csproj", "{167CF0B3-7C9C-47E1-A182-D4B54EF3B7BA}"
EndProject
Global
	GlobalSection(SolutionConfigurationPlatforms) = preSolution
		Debug|Any CPU = Debug|Any CPU
		Release|Any CPU = Release|Any CPU
	EndGlobalSection
	GlobalSection(ProjectConfigurationPlatforms) = postSolution
		{8FD4DD32-9F4B-4F6D-935C-B78F6600DC3D}.Debug|Any CPU.ActiveCfg = Debug|Any CPU
		{8FD4DD32-9F4B-4F6D-935C-B78F6600DC3D}.Debug|Any CPU.Build.0 = Debug|Any CPU
		{8FD4DD32-9F4B-4F6D-935C-B78F6600DC3D}.Release|Any CPU.ActiveCfg = Release|Any CPU
		{8FD4DD32-9F4B-4F6D-935C-B78F6600DC3D}.Release|Any CPU.Build.0 = Release|Any CPU
		{7E56C169-D60A-467F-85DE-B9CC96C97EE3}.Debug|Any CPU.ActiveCfg = Debug|Any CPU
		{7E56C169-D60A-467F-85DE-B9CC96C97EE3}.Debug|Any CPU.Build.0 = Debug|Any CPU
		{7E56C169-D60A-467F-85DE-B9CC96C97EE3}.Release|Any CPU.ActiveCfg = Release|Any CPU
		{7E56C169-D60A-467F-85DE-B9CC96C97EE3}.Release|Any CPU.Build.0 = Release|Any CPU
		{DB98A724-9495-4205-8F06-1FE2C58ECF8F}.Debug|Any CPU.ActiveCfg = Debug|Any CPU
		{DB98A724-9495-4205-8F06-1FE2C58ECF8F}.Debug|Any CPU.Build.0 = Debug|Any CPU
		{DB98A724-9495-4205-8F06-1FE2C58ECF8F}.Release|Any CPU.ActiveCfg = Release|Any CPU
		{DB98A724-9495-4205-8F06-1FE2C58ECF8F}.Release|Any CPU.Build.0 = Release|Any CPU
		{FA5A4A93-3D27-46D4-AC4F-F3E973CB12E5}.Debug|Any CPU.ActiveCfg = Debug|Any CPU
		{FA5A4A93-3D27-46D4-AC4F-F3E973CB12E5}.Debug|Any CPU.Build.0 = Debug|Any CPU
		{FA5A4A93-3D27-46D4-AC4F-F3E973CB12E5}.Release|Any CPU.ActiveCfg = Release|Any CPU
		{FA5A4A93-3D27-46D4-AC4F-F3E973CB12E5}.Release|Any CPU.Build.0 = Release|Any CPU
		{A01151DA-0C96-49BE-8793-93D4597D768F}.Debug|Any CPU.ActiveCfg = Debug|Any CPU
		{A01151DA-0C96-49BE-8793-93D4597D768F}.Debug|Any CPU.Build.0 = Debug|Any CPU
		{A01151DA-0C96-49BE-8793-93D4597D768F}.Release|Any CPU.ActiveCfg = Release|Any CPU
		{A01151DA-0C96-49BE-8793-93D4597D768F}.Release|Any CPU.Build.0 = Release|Any CPU
		{DBF6943B-A1A2-4168-948A-19747FF2EC8C}.Debug|Any CPU.ActiveCfg = Debug|Any CPU
		{DBF6943B-A1A2-4168-948A-19747FF2EC8C}.Debug|Any CPU.Build.0 = Debug|Any CPU
		{DBF6943B-A1A2-4168-948A-19747FF2EC8C}.Release|Any CPU.ActiveCfg = Release|Any CPU
		{DBF6943B-A1A2-4168-948A-19747FF2EC8C}.Release|Any CPU.Build.0 = Release|Any CPU
		{0D8E8AFC-57F3-4A89-AC9E-A49486E507CC}.Debug|Any CPU.ActiveCfg = Debug|Any CPU
		{0D8E8AFC-57F3-4A89-AC9E-A49486E507CC}.Debug|Any CPU.Build.0 = Debug|Any CPU
		{0D8E8AFC-57F3-4A89-AC9E-A49486E507CC}.Release|Any CPU.ActiveCfg = Release|Any CPU
		{0D8E8AFC-57F3-4A89-AC9E-A49486E507CC}.Release|Any CPU.Build.0 = Release|Any CPU
		{1D7F9896-221A-46C6-8018-9765400FB3B2}.Debug|Any CPU.ActiveCfg = Debug|Any CPU
		{1D7F9896-221A-46C6-8018-9765400FB3B2}.Debug|Any CPU.Build.0 = Debug|Any CPU
		{1D7F9896-221A-46C6-8018-9765400FB3B2}.Release|Any CPU.ActiveCfg = Release|Any CPU
		{1D7F9896-221A-46C6-8018-9765400FB3B2}.Release|Any CPU.Build.0 = Release|Any CPU
		{19FC78A0-259D-4254-AE5C-B851102C6499}.Debug|Any CPU.ActiveCfg = Debug|Any CPU
		{19FC78A0-259D-4254-AE5C-B851102C6499}.Debug|Any CPU.Build.0 = Debug|Any CPU
		{19FC78A0-259D-4254-AE5C-B851102C6499}.Release|Any CPU.ActiveCfg = Release|Any CPU
		{19FC78A0-259D-4254-AE5C-B851102C6499}.Release|Any CPU.Build.0 = Release|Any CPU
		{24430E2F-5FF7-4E98-8E12-7EBA8FCFA893}.Debug|Any CPU.ActiveCfg = Debug|Any CPU
		{24430E2F-5FF7-4E98-8E12-7EBA8FCFA893}.Debug|Any CPU.Build.0 = Debug|Any CPU
		{24430E2F-5FF7-4E98-8E12-7EBA8FCFA893}.Release|Any CPU.ActiveCfg = Release|Any CPU
		{24430E2F-5FF7-4E98-8E12-7EBA8FCFA893}.Release|Any CPU.Build.0 = Release|Any CPU
		{167CF0B3-7C9C-47E1-A182-D4B54EF3B7BA}.Debug|Any CPU.ActiveCfg = Debug|Any CPU
		{167CF0B3-7C9C-47E1-A182-D4B54EF3B7BA}.Debug|Any CPU.Build.0 = Debug|Any CPU
		{167CF0B3-7C9C-47E1-A182-D4B54EF3B7BA}.Release|Any CPU.ActiveCfg = Release|Any CPU
		{167CF0B3-7C9C-47E1-A182-D4B54EF3B7BA}.Release|Any CPU.Build.0 = Release|Any CPU
	EndGlobalSection
	GlobalSection(SolutionProperties) = preSolution
		HideSolutionNode = FALSE
	EndGlobalSection
	GlobalSection(NestedProjects) = preSolution
		{AC649F3D-6417-4CB3-BBDA-6FA56DE1FAB7} = {66A9EAB9-E01E-41E4-BC72-CEF83B88268C}
		{6FA807BD-A3D3-434D-B969-49DA429261FA} = {66A9EAB9-E01E-41E4-BC72-CEF83B88268C}
		{8FD4DD32-9F4B-4F6D-935C-B78F6600DC3D} = {AC649F3D-6417-4CB3-BBDA-6FA56DE1FAB7}
		{7E56C169-D60A-467F-85DE-B9CC96C97EE3} = {AC649F3D-6417-4CB3-BBDA-6FA56DE1FAB7}
		{DB98A724-9495-4205-8F06-1FE2C58ECF8F} = {AC649F3D-6417-4CB3-BBDA-6FA56DE1FAB7}
		{FA5A4A93-3D27-46D4-AC4F-F3E973CB12E5} = {AC649F3D-6417-4CB3-BBDA-6FA56DE1FAB7}
		{A01151DA-0C96-49BE-8793-93D4597D768F} = {AC649F3D-6417-4CB3-BBDA-6FA56DE1FAB7}
		{DBF6943B-A1A2-4168-948A-19747FF2EC8C} = {AC649F3D-6417-4CB3-BBDA-6FA56DE1FAB7}
		{0D8E8AFC-57F3-4A89-AC9E-A49486E507CC} = {6FA807BD-A3D3-434D-B969-49DA429261FA}
		{1D7F9896-221A-46C6-8018-9765400FB3B2} = {6FA807BD-A3D3-434D-B969-49DA429261FA}
		{19FC78A0-259D-4254-AE5C-B851102C6499} = {6FA807BD-A3D3-434D-B969-49DA429261FA}
		{24430E2F-5FF7-4E98-8E12-7EBA8FCFA893} = {6FA807BD-A3D3-434D-B969-49DA429261FA}
		{167CF0B3-7C9C-47E1-A182-D4B54EF3B7BA} = {6FA807BD-A3D3-434D-B969-49DA429261FA}
	EndGlobalSection
	GlobalSection(ExtensibilityGlobals) = postSolution
		SolutionGuid = {62E70CDF-4C93-4023-9DAD-097ACB00C5E9}
	EndGlobalSection
EndGlobal
